
Microsoft Visual Studio Solution File, Format Version 12.00
# Visual Studio Version 16
VisualStudioVersion = 16.0.28803.156
MinimumVisualStudioVersion = 10.0.40219.1
Project("{9A19103F-16F7-4668-BE54-9A1E7A4F7556}") = "TrainSchdule", "TrainSchdule\TrainSchdule.csproj", "{DA058C77-715E-43CB-82D6-74DDBED20D0D}"
EndProject
Project("{9A19103F-16F7-4668-BE54-9A1E7A4F7556}") = "DAL", "DAL\DAL.csproj", "{001B5394-90F8-4855-B7BA-E11B3E52D4BD}"
EndProject
Project("{9A19103F-16F7-4668-BE54-9A1E7A4F7556}") = "BLL", "BLL\BLL.csproj", "{F989FD0D-4DF2-40B6-84AE-A44AE9D43A88}"
EndProject
Project("{9A19103F-16F7-4668-BE54-9A1E7A4F7556}") = "QRCoder.NETCore20", "..\..\1904.QRCodeGenerater.Util.Core\QRCoder\QRCoder\QRCoder.NETCore20.csproj", "{217CE17B-4733-43A7-B8F7-C8DD2CCF08BC}"
EndProject
Project("{9A19103F-16F7-4668-BE54-9A1E7A4F7556}") = "GoogleAuthentiator", "GoogleAuthentiator\GoogleAuthentiator.csproj", "{129707D9-241D-4F53-A1A9-27517994C4C9}"
EndProject
Project("{9A19103F-16F7-4668-BE54-9A1E7A4F7556}") = "ExcelReport", "ExcelReport\ExcelReport.csproj", "{ABAFDAAD-0BC6-4891-9171-AB16562696EE}"
EndProject
Project("{9A19103F-16F7-4668-BE54-9A1E7A4F7556}") = "ExcelReport.Driver", "ExcelReport.Driver\ExcelReport.Driver.csproj", "{0D56A760-9B6F-4474-B661-3A216135986D}"
EndProject
Project("{9A19103F-16F7-4668-BE54-9A1E7A4F7556}") = "ExcelReport.Driver.NPOI", "ExcelReport.Driver.NPOI\ExcelReport.Driver.NPOI.csproj", "{E6658ECE-2545-48A8-907E-A7AA9F24E93C}"
EndProject
Global
	GlobalSection(SolutionConfigurationPlatforms) = preSolution
		Debug|Any CPU = Debug|Any CPU
		Debug|x64 = Debug|x64
		Debug|x86 = Debug|x86
		Release|Any CPU = Release|Any CPU
		Release|x64 = Release|x64
		Release|x86 = Release|x86
	EndGlobalSection
	GlobalSection(ProjectConfigurationPlatforms) = postSolution
		{DA058C77-715E-43CB-82D6-74DDBED20D0D}.Debug|Any CPU.ActiveCfg = Debug|Any CPU
		{DA058C77-715E-43CB-82D6-74DDBED20D0D}.Debug|Any CPU.Build.0 = Debug|Any CPU
		{DA058C77-715E-43CB-82D6-74DDBED20D0D}.Debug|x64.ActiveCfg = Debug|Any CPU
		{DA058C77-715E-43CB-82D6-74DDBED20D0D}.Debug|x64.Build.0 = Debug|Any CPU
		{DA058C77-715E-43CB-82D6-74DDBED20D0D}.Debug|x86.ActiveCfg = Debug|Any CPU
		{DA058C77-715E-43CB-82D6-74DDBED20D0D}.Debug|x86.Build.0 = Debug|Any CPU
		{DA058C77-715E-43CB-82D6-74DDBED20D0D}.Release|Any CPU.ActiveCfg = Release|Any CPU
		{DA058C77-715E-43CB-82D6-74DDBED20D0D}.Release|Any CPU.Build.0 = Release|Any CPU
		{DA058C77-715E-43CB-82D6-74DDBED20D0D}.Release|x64.ActiveCfg = Release|Any CPU
		{DA058C77-715E-43CB-82D6-74DDBED20D0D}.Release|x64.Build.0 = Release|Any CPU
		{DA058C77-715E-43CB-82D6-74DDBED20D0D}.Release|x86.ActiveCfg = Release|Any CPU
		{DA058C77-715E-43CB-82D6-74DDBED20D0D}.Release|x86.Build.0 = Release|Any CPU
		{001B5394-90F8-4855-B7BA-E11B3E52D4BD}.Debug|Any CPU.ActiveCfg = Debug|Any CPU
		{001B5394-90F8-4855-B7BA-E11B3E52D4BD}.Debug|Any CPU.Build.0 = Debug|Any CPU
		{001B5394-90F8-4855-B7BA-E11B3E52D4BD}.Debug|x64.ActiveCfg = Debug|Any CPU
		{001B5394-90F8-4855-B7BA-E11B3E52D4BD}.Debug|x64.Build.0 = Debug|Any CPU
		{001B5394-90F8-4855-B7BA-E11B3E52D4BD}.Debug|x86.ActiveCfg = Debug|Any CPU
		{001B5394-90F8-4855-B7BA-E11B3E52D4BD}.Debug|x86.Build.0 = Debug|Any CPU
		{001B5394-90F8-4855-B7BA-E11B3E52D4BD}.Release|Any CPU.ActiveCfg = Release|Any CPU
		{001B5394-90F8-4855-B7BA-E11B3E52D4BD}.Release|Any CPU.Build.0 = Release|Any CPU
		{001B5394-90F8-4855-B7BA-E11B3E52D4BD}.Release|x64.ActiveCfg = Release|Any CPU
		{001B5394-90F8-4855-B7BA-E11B3E52D4BD}.Release|x64.Build.0 = Release|Any CPU
		{001B5394-90F8-4855-B7BA-E11B3E52D4BD}.Release|x86.ActiveCfg = Release|Any CPU
		{001B5394-90F8-4855-B7BA-E11B3E52D4BD}.Release|x86.Build.0 = Release|Any CPU
		{F989FD0D-4DF2-40B6-84AE-A44AE9D43A88}.Debug|Any CPU.ActiveCfg = Debug|Any CPU
		{F989FD0D-4DF2-40B6-84AE-A44AE9D43A88}.Debug|Any CPU.Build.0 = Debug|Any CPU
		{F989FD0D-4DF2-40B6-84AE-A44AE9D43A88}.Debug|x64.ActiveCfg = Debug|Any CPU
		{F989FD0D-4DF2-40B6-84AE-A44AE9D43A88}.Debug|x64.Build.0 = Debug|Any CPU
		{F989FD0D-4DF2-40B6-84AE-A44AE9D43A88}.Debug|x86.ActiveCfg = Debug|Any CPU
		{F989FD0D-4DF2-40B6-84AE-A44AE9D43A88}.Debug|x86.Build.0 = Debug|Any CPU
		{F989FD0D-4DF2-40B6-84AE-A44AE9D43A88}.Release|Any CPU.ActiveCfg = Release|Any CPU
		{F989FD0D-4DF2-40B6-84AE-A44AE9D43A88}.Release|Any CPU.Build.0 = Release|Any CPU
		{F989FD0D-4DF2-40B6-84AE-A44AE9D43A88}.Release|x64.ActiveCfg = Release|Any CPU
		{F989FD0D-4DF2-40B6-84AE-A44AE9D43A88}.Release|x64.Build.0 = Release|Any CPU
		{F989FD0D-4DF2-40B6-84AE-A44AE9D43A88}.Release|x86.ActiveCfg = Release|Any CPU
		{F989FD0D-4DF2-40B6-84AE-A44AE9D43A88}.Release|x86.Build.0 = Release|Any CPU
		{217CE17B-4733-43A7-B8F7-C8DD2CCF08BC}.Debug|Any CPU.ActiveCfg = Debug|Any CPU
		{217CE17B-4733-43A7-B8F7-C8DD2CCF08BC}.Debug|Any CPU.Build.0 = Debug|Any CPU
		{217CE17B-4733-43A7-B8F7-C8DD2CCF08BC}.Debug|x64.ActiveCfg = Debug|Any CPU
		{217CE17B-4733-43A7-B8F7-C8DD2CCF08BC}.Debug|x64.Build.0 = Debug|Any CPU
		{217CE17B-4733-43A7-B8F7-C8DD2CCF08BC}.Debug|x86.ActiveCfg = Debug|Any CPU
		{217CE17B-4733-43A7-B8F7-C8DD2CCF08BC}.Debug|x86.Build.0 = Debug|Any CPU
		{217CE17B-4733-43A7-B8F7-C8DD2CCF08BC}.Release|Any CPU.ActiveCfg = Release|Any CPU
		{217CE17B-4733-43A7-B8F7-C8DD2CCF08BC}.Release|Any CPU.Build.0 = Release|Any CPU
		{217CE17B-4733-43A7-B8F7-C8DD2CCF08BC}.Release|x64.ActiveCfg = Release|Any CPU
		{217CE17B-4733-43A7-B8F7-C8DD2CCF08BC}.Release|x64.Build.0 = Release|Any CPU
		{217CE17B-4733-43A7-B8F7-C8DD2CCF08BC}.Release|x86.ActiveCfg = Release|Any CPU
		{217CE17B-4733-43A7-B8F7-C8DD2CCF08BC}.Release|x86.Build.0 = Release|Any CPU
		{129707D9-241D-4F53-A1A9-27517994C4C9}.Debug|Any CPU.ActiveCfg = Debug|Any CPU
		{129707D9-241D-4F53-A1A9-27517994C4C9}.Debug|Any CPU.Build.0 = Debug|Any CPU
		{129707D9-241D-4F53-A1A9-27517994C4C9}.Debug|x64.ActiveCfg = Debug|Any CPU
		{129707D9-241D-4F53-A1A9-27517994C4C9}.Debug|x64.Build.0 = Debug|Any CPU
		{129707D9-241D-4F53-A1A9-27517994C4C9}.Debug|x86.ActiveCfg = Debug|Any CPU
		{129707D9-241D-4F53-A1A9-27517994C4C9}.Debug|x86.Build.0 = Debug|Any CPU
		{129707D9-241D-4F53-A1A9-27517994C4C9}.Release|Any CPU.ActiveCfg = Release|Any CPU
		{129707D9-241D-4F53-A1A9-27517994C4C9}.Release|Any CPU.Build.0 = Release|Any CPU
		{129707D9-241D-4F53-A1A9-27517994C4C9}.Release|x64.ActiveCfg = Release|Any CPU
		{129707D9-241D-4F53-A1A9-27517994C4C9}.Release|x64.Build.0 = Release|Any CPU
		{129707D9-241D-4F53-A1A9-27517994C4C9}.Release|x86.ActiveCfg = Release|Any CPU
		{129707D9-241D-4F53-A1A9-27517994C4C9}.Release|x86.Build.0 = Release|Any CPU
		{ABAFDAAD-0BC6-4891-9171-AB16562696EE}.Debug|Any CPU.ActiveCfg = Debug|Any CPU
		{ABAFDAAD-0BC6-4891-9171-AB16562696EE}.Debug|Any CPU.Build.0 = Debug|Any CPU
		{ABAFDAAD-0BC6-4891-9171-AB16562696EE}.Debug|x64.ActiveCfg = Debug|Any CPU
		{ABAFDAAD-0BC6-4891-9171-AB16562696EE}.Debug|x64.Build.0 = Debug|Any CPU
		{ABAFDAAD-0BC6-4891-9171-AB16562696EE}.Debug|x86.ActiveCfg = Debug|Any CPU
		{ABAFDAAD-0BC6-4891-9171-AB16562696EE}.Debug|x86.Build.0 = Debug|Any CPU
		{ABAFDAAD-0BC6-4891-9171-AB16562696EE}.Release|Any CPU.ActiveCfg = Release|Any CPU
		{ABAFDAAD-0BC6-4891-9171-AB16562696EE}.Release|Any CPU.Build.0 = Release|Any CPU
		{ABAFDAAD-0BC6-4891-9171-AB16562696EE}.Release|x64.ActiveCfg = Release|Any CPU
		{ABAFDAAD-0BC6-4891-9171-AB16562696EE}.Release|x64.Build.0 = Release|Any CPU
		{ABAFDAAD-0BC6-4891-9171-AB16562696EE}.Release|x86.ActiveCfg = Release|Any CPU
		{ABAFDAAD-0BC6-4891-9171-AB16562696EE}.Release|x86.Build.0 = Release|Any CPU
		{0D56A760-9B6F-4474-B661-3A216135986D}.Debug|Any CPU.ActiveCfg = Debug|Any CPU
		{0D56A760-9B6F-4474-B661-3A216135986D}.Debug|Any CPU.Build.0 = Debug|Any CPU
		{0D56A760-9B6F-4474-B661-3A216135986D}.Debug|x64.ActiveCfg = Debug|Any CPU
		{0D56A760-9B6F-4474-B661-3A216135986D}.Debug|x64.Build.0 = Debug|Any CPU
		{0D56A760-9B6F-4474-B661-3A216135986D}.Debug|x86.ActiveCfg = Debug|Any CPU
		{0D56A760-9B6F-4474-B661-3A216135986D}.Debug|x86.Build.0 = Debug|Any CPU
		{0D56A760-9B6F-4474-B661-3A216135986D}.Release|Any CPU.ActiveCfg = Release|Any CPU
		{0D56A760-9B6F-4474-B661-3A216135986D}.Release|Any CPU.Build.0 = Release|Any CPU
		{0D56A760-9B6F-4474-B661-3A216135986D}.Release|x64.ActiveCfg = Release|Any CPU
		{0D56A760-9B6F-4474-B661-3A216135986D}.Release|x64.Build.0 = Release|Any CPU
		{0D56A760-9B6F-4474-B661-3A216135986D}.Release|x86.ActiveCfg = Release|Any CPU
		{0D56A760-9B6F-4474-B661-3A216135986D}.Release|x86.Build.0 = Release|Any CPU
		{E6658ECE-2545-48A8-907E-A7AA9F24E93C}.Debug|Any CPU.ActiveCfg = Debug|Any CPU
		{E6658ECE-2545-48A8-907E-A7AA9F24E93C}.Debug|Any CPU.Build.0 = Debug|Any CPU
		{E6658ECE-2545-48A8-907E-A7AA9F24E93C}.Debug|x64.ActiveCfg = Debug|Any CPU
		{E6658ECE-2545-48A8-907E-A7AA9F24E93C}.Debug|x64.Build.0 = Debug|Any CPU
		{E6658ECE-2545-48A8-907E-A7AA9F24E93C}.Debug|x86.ActiveCfg = Debug|Any CPU
		{E6658ECE-2545-48A8-907E-A7AA9F24E93C}.Debug|x86.Build.0 = Debug|Any CPU
		{E6658ECE-2545-48A8-907E-A7AA9F24E93C}.Release|Any CPU.ActiveCfg = Release|Any CPU
		{E6658ECE-2545-48A8-907E-A7AA9F24E93C}.Release|Any CPU.Build.0 = Release|Any CPU
		{E6658ECE-2545-48A8-907E-A7AA9F24E93C}.Release|x64.ActiveCfg = Release|Any CPU
		{E6658ECE-2545-48A8-907E-A7AA9F24E93C}.Release|x64.Build.0 = Release|Any CPU
		{E6658ECE-2545-48A8-907E-A7AA9F24E93C}.Release|x86.ActiveCfg = Release|Any CPU
		{E6658ECE-2545-48A8-907E-A7AA9F24E93C}.Release|x86.Build.0 = Release|Any CPU
	EndGlobalSection
	GlobalSection(SolutionProperties) = preSolution
		HideSolutionNode = FALSE
	EndGlobalSection
	GlobalSection(ExtensibilityGlobals) = postSolution
		SolutionGuid = {D7273A31-9CCB-4E35-BBC6-3D7DC364508D}
	EndGlobalSection
EndGlobal
